
Microsoft Visual Studio Solution File, Format Version 12.00
# Visual Studio 15
VisualStudioVersion = 15.0.26124.0
MinimumVisualStudioVersion = 15.0.26124.0
Project("{FAE04EC0-301F-11D3-BF4B-00C04F79EFBC}") = "Service", "Service\Service.csproj", "{4DF93FE6-21F4-4D2B-9D0B-7D5662D3D45D}"
EndProject
Project("{FAE04EC0-301F-11D3-BF4B-00C04F79EFBC}") = "MVC", "MVC\MVC.csproj", "{70D8219C-84DD-4A17-A9C5-ACC742E817B5}"
EndProject
Global
	GlobalSection(SolutionConfigurationPlatforms) = preSolution
		Debug|Any CPU = Debug|Any CPU
		Debug|x64 = Debug|x64
		Debug|x86 = Debug|x86
		Release|Any CPU = Release|Any CPU
		Release|x64 = Release|x64
		Release|x86 = Release|x86
	EndGlobalSection
	GlobalSection(SolutionProperties) = preSolution
		HideSolutionNode = FALSE
	EndGlobalSection
	GlobalSection(ProjectConfigurationPlatforms) = postSolution
		{4DF93FE6-21F4-4D2B-9D0B-7D5662D3D45D}.Debug|Any CPU.ActiveCfg = Debug|Any CPU
		{4DF93FE6-21F4-4D2B-9D0B-7D5662D3D45D}.Debug|Any CPU.Build.0 = Debug|Any CPU
		{4DF93FE6-21F4-4D2B-9D0B-7D5662D3D45D}.Debug|x64.ActiveCfg = Debug|Any CPU
		{4DF93FE6-21F4-4D2B-9D0B-7D5662D3D45D}.Debug|x64.Build.0 = Debug|Any CPU
		{4DF93FE6-21F4-4D2B-9D0B-7D5662D3D45D}.Debug|x86.ActiveCfg = Debug|Any CPU
		{4DF93FE6-21F4-4D2B-9D0B-7D5662D3D45D}.Debug|x86.Build.0 = Debug|Any CPU
		{4DF93FE6-21F4-4D2B-9D0B-7D5662D3D45D}.Release|Any CPU.ActiveCfg = Release|Any CPU
		{4DF93FE6-21F4-4D2B-9D0B-7D5662D3D45D}.Release|Any CPU.Build.0 = Release|Any CPU
		{4DF93FE6-21F4-4D2B-9D0B-7D5662D3D45D}.Release|x64.ActiveCfg = Release|Any CPU
		{4DF93FE6-21F4-4D2B-9D0B-7D5662D3D45D}.Release|x64.Build.0 = Release|Any CPU
		{4DF93FE6-21F4-4D2B-9D0B-7D5662D3D45D}.Release|x86.ActiveCfg = Release|Any CPU
		{4DF93FE6-21F4-4D2B-9D0B-7D5662D3D45D}.Release|x86.Build.0 = Release|Any CPU
		{70D8219C-84DD-4A17-A9C5-ACC742E817B5}.Debug|Any CPU.ActiveCfg = Debug|Any CPU
		{70D8219C-84DD-4A17-A9C5-ACC742E817B5}.Debug|Any CPU.Build.0 = Debug|Any CPU
		{70D8219C-84DD-4A17-A9C5-ACC742E817B5}.Debug|x64.ActiveCfg = Debug|Any CPU
		{70D8219C-84DD-4A17-A9C5-ACC742E817B5}.Debug|x64.Build.0 = Debug|Any CPU
		{70D8219C-84DD-4A17-A9C5-ACC742E817B5}.Debug|x86.ActiveCfg = Debug|Any CPU
		{70D8219C-84DD-4A17-A9C5-ACC742E817B5}.Debug|x86.Build.0 = Debug|Any CPU
		{70D8219C-84DD-4A17-A9C5-ACC742E817B5}.Release|Any CPU.ActiveCfg = Release|Any CPU
		{70D8219C-84DD-4A17-A9C5-ACC742E817B5}.Release|Any CPU.Build.0 = Release|Any CPU
		{70D8219C-84DD-4A17-A9C5-ACC742E817B5}.Release|x64.ActiveCfg = Release|Any CPU
		{70D8219C-84DD-4A17-A9C5-ACC742E817B5}.Release|x64.Build.0 = Release|Any CPU
		{70D8219C-84DD-4A17-A9C5-ACC742E817B5}.Release|x86.ActiveCfg = Release|Any CPU
		{70D8219C-84DD-4A17-A9C5-ACC742E817B5}.Release|x86.Build.0 = Release|Any CPU
	EndGlobalSection
EndGlobal
